
Microsoft Visual Studio Solution File, Format Version 12.00
# Visual Studio Version 16
VisualStudioVersion = 16.0.29509.3
MinimumVisualStudioVersion = 10.0.40219.1
Project("{FAE04EC0-301F-11D3-BF4B-00C04F79EFBC}") = "SistemasWeb", "SistemasWeb\SistemasWeb.csproj", "{66AD2312-B56F-4C80-9A2E-DD8622FC6FE9}"
EndProject
Global
	GlobalSection(SolutionConfigurationPlatforms) = preSolution
		Debug|Any CPU = Debug|Any CPU
		Release|Any CPU = Release|Any CPU
	EndGlobalSection
	GlobalSection(ProjectConfigurationPlatforms) = postSolution
		{66AD2312-B56F-4C80-9A2E-DD8622FC6FE9}.Debug|Any CPU.ActiveCfg = Debug|Any CPU
		{66AD2312-B56F-4C80-9A2E-DD8622FC6FE9}.Debug|Any CPU.Build.0 = Debug|Any CPU
		{66AD2312-B56F-4C80-9A2E-DD8622FC6FE9}.Release|Any CPU.ActiveCfg = Release|Any CPU
		{66AD2312-B56F-4C80-9A2E-DD8622FC6FE9}.Release|Any CPU.Build.0 = Release|Any CPU
	EndGlobalSection
	GlobalSection(SolutionProperties) = preSolution
		HideSolutionNode = FALSE
	EndGlobalSection
	GlobalSection(ExtensibilityGlobals) = postSolution
		SolutionGuid = {69B0E52D-20A4-4FB2-A7F7-213976CC1E58}
	EndGlobalSection
EndGlobal
